PODS:
  - Alamofire (4.5.1)
  - SwiftyJSON (3.1.4)
  - Toaster (2.1.0)

DEPENDENCIES:
  - Alamofire (~> 4.5)
  - SwiftyJSON
  - Toaster

SPEC CHECKSUMS:
  Alamofire: 2d95912bf4c34f164fdfc335872e8c312acaea4a
  SwiftyJSON: c2842d878f95482ffceec5709abc3d05680c0220
  Toaster: 8c3225dc465bef4aa57e147a288724576df8e439

PODFILE CHECKSUM: d302be87608a1a816a384c54eae37dbe9561ebc6

COCOAPODS: 1.2.1
