// !$*UTF8*$!
{
	archiveVersion = 1;
	classes = {
	};
	objectVersion = 48;
	objects = {

/* Begin PBXBuildFile section */
		1B9BB7031F993DD2004FFED4 /* AppDelegate.swift in Sources */ = {isa = PBXBuildFile; fileRef = 1B9BB7021F993DD2004FFED4 /* AppDelegate.swift */; };
		1B9BB7051F993DD2004FFED4 /* ViewController.swift in Sources */ = {isa = PBXBuildFile; fileRef = 1B9BB7041F993DD2004FFED4 /* ViewController.swift */; };
		1B9BB7081F993DD2004FFED4 /* Main.storyboard in Resources */ = {isa = PBXBuildFile; fileRef = 1B9BB7061F993DD2004FFED4 /* Main.storyboard */; };
		1B9BB70A1F993DD2004FFED4 /* Assets.xcassets in Resources */ = {isa = PBXBuildFile; fileRef = 1B9BB7091F993DD2004FFED4 /* Assets.xcassets */; };
		1B9BB70D1F993DD2004FFED4 /* LaunchScreen.storyboard in Resources */ = {isa = PBXBuildFile; fileRef = 1B9BB70B1F993DD2004FFED4 /* LaunchScreen.storyboard */; };
		1B9BB7181F993DD2004FFED4 /* busTransportationTests.swift in Sources */ = {isa = PBXBuildFile; fileRef = 1B9BB7171F993DD2004FFED4 /* busTransportationTests.swift */; };
		1B9BB7231F993DD2004FFED4 /* busTransportationUITests.swift in Sources */ = {isa = PBXBuildFile; fileRef = 1B9BB7221F993DD2004FFED4 /* busTransportationUITests.swift */; };
		1B9BB7341F99C05F004FFED4 /* loginModel.swift in Sources */ = {isa = PBXBuildFile; fileRef = 1B9BB7331F99C05F004FFED4 /* loginModel.swift */; };
		1B9BB7361F99C3E1004FFED4 /* Default-568h@2x.png in Resources */ = {isa = PBXBuildFile; fileRef = 1B9BB7351F99C3E1004FFED4 /* Default-568h@2x.png */; };
		1BCD1DE61F99CF2E0018B1D3 /* Alamofire.framework in Frameworks */ = {isa = PBXBuildFile; fileRef = 1BCD1DE91F99CF2E0018B1D3 /* Alamofire.framework */; };
		1BCD1DE71F99CF2E0018B1D3 /* SwiftyJSON.framework in Frameworks */ = {isa = PBXBuildFile; fileRef = 1BCD1DEA1F99CF2E0018B1D3 /* SwiftyJSON.framework */; };
		1BCD1DE81F99CF2E0018B1D3 /* Toaster.framework in Frameworks */ = {isa = PBXBuildFile; fileRef = 1BCD1DEB1F99CF2E0018B1D3 /* Toaster.framework */; };
		1BCD1DED1F9A387D0018B1D3 /* CoreLocation.framework in Frameworks */ = {isa = PBXBuildFile; fileRef = 1BCD1DEC1F9A387D0018B1D3 /* CoreLocation.framework */; };
		1BCD1DEF1F9A39730018B1D3 /* mainView.swift in Sources */ = {isa = PBXBuildFile; fileRef = 1BCD1DEE1F9A39730018B1D3 /* mainView.swift */; };
		A855D659A31B7ED3BBBB6ADA /* Pods_busTransportation.framework in Frameworks */ = {isa = PBXBuildFile; fileRef = F417B88921FC69A3804C5AB4 /* Pods_busTransportation.framework */; };
/* End PBXBuildFile section */

/* Begin PBXContainerItemProxy section */
		1B9BB7141F993DD2004FFED4 /* PBXContainerItemProxy */ = {
			isa = PBXContainerItemProxy;
			containerPortal = 1B9BB6F71F993DD2004FFED4 /* Project object */;
			proxyType = 1;
			remoteGlobalIDString = 1B9BB6FE1F993DD2004FFED4;
			remoteInfo = busTransportation;
		};
		1B9BB71F1F993DD2004FFED4 /* PBXContainerItemProxy */ = {
			isa = PBXContainerItemProxy;
			containerPortal = 1B9BB6F71F993DD2004FFED4 /* Project object */;
			proxyType = 1;
			remoteGlobalIDString = 1B9BB6FE1F993DD2004FFED4;
			remoteInfo = busTransportation;
		};
/* End PBXContainerItemProxy section */

/* Begin PBXFileReference section */
		1916C10C1AB1D7519F30D3BE /* Pods_busTransportationTests.framework */ = {isa = PBXFileReference; explicitFileType = wrapper.framework; includeInIndex = 0; path = Pods_busTransportationTests.framework; sourceTree = BUILT_PRODUCTS_DIR; };
		1B9BB6FF1F993DD2004FFED4 /* busTransportation.app */ = {isa = PBXFileReference; explicitFileType = wrapper.application; includeInIndex = 0; path = busTransportation.app; sourceTree = BUILT_PRODUCTS_DIR; };
		1B9BB7021F993DD2004FFED4 /* AppDelegate.swift */ = {isa = PBXFileReference; lastKnownFileType = sourcecode.swift; path = AppDelegate.swift; sourceTree = "<group>"; };
		1B9BB7041F993DD2004FFED4 /* ViewController.swift */ = {isa = PBXFileReference; lastKnownFileType = sourcecode.swift; path = ViewController.swift; sourceTree = "<group>"; };
		1B9BB7071F993DD2004FFED4 /* Base */ = {isa = PBXFileReference; lastKnownFileType = file.storyboard; name = Base; path = Base.lproj/Main.storyboard; sourceTree = "<group>"; };
		1B9BB7091F993DD2004FFED4 /* Assets.xcassets */ = {isa = PBXFileReference; lastKnownFileType = folder.assetcatalog; path = Assets.xcassets; sourceTree = "<group>"; };
		1B9BB70C1F993DD2004FFED4 /* Base */ = {isa = PBXFileReference; lastKnownFileType = file.storyboard; name = Base; path = Base.lproj/LaunchScreen.storyboard; sourceTree = "<group>"; };
		1B9BB70E1F993DD2004FFED4 /* Info.plist */ = {isa = PBXFileReference; lastKnownFileType = text.plist.xml; path = Info.plist; sourceTree = "<group>"; };
		1B9BB7131F993DD2004FFED4 /* busTransportationTests.xctest */ = {isa = PBXFileReference; explicitFileType = wrapper.cfbundle; includeInIndex = 0; path = busTransportationTests.xctest; sourceTree = BUILT_PRODUCTS_DIR; };
		1B9BB7171F993DD2004FFED4 /* busTransportationTests.swift */ = {isa = PBXFileReference; lastKnownFileType = sourcecode.swift; path = busTransportationTests.swift; sourceTree = "<group>"; };
		1B9BB7191F993DD2004FFED4 /* Info.plist */ = {isa = PBXFileReference; lastKnownFileType = text.plist.xml; path = Info.plist; sourceTree = "<group>"; };
		1B9BB71E1F993DD2004FFED4 /* busTransportationUITests.xctest */ = {isa = PBXFileReference; explicitFileType = wrapper.cfbundle; includeInIndex = 0; path = busTransportationUITests.xctest; sourceTree = BUILT_PRODUCTS_DIR; };
		1B9BB7221F993DD2004FFED4 /* busTransportationUITests.swift */ = {isa = PBXFileReference; lastKnownFileType = sourcecode.swift; path = busTransportationUITests.swift; sourceTree = "<group>"; };
		1B9BB7241F993DD2004FFED4 /* Info.plist */ = {isa = PBXFileReference; lastKnownFileType = text.plist.xml; path = Info.plist; sourceTree = "<group>"; };
		1B9BB7331F99C05F004FFED4 /* loginModel.swift */ = {isa = PBXFileReference; lastKnownFileType = sourcecode.swift; path = loginModel.swift; sourceTree = "<group>"; };
		1B9BB7351F99C3E1004FFED4 /* Default-568h@2x.png */ = {isa = PBXFileReference; lastKnownFileType = image.png; path = "Default-568h@2x.png"; sourceTree = "<group>"; };
		1BCD1DE91F99CF2E0018B1D3 /* Alamofire.framework */ = {isa = PBXFileReference; explicitFileType = wrapper.framework; path = Alamofire.framework; sourceTree = BUILT_PRODUCTS_DIR; };
		1BCD1DEA1F99CF2E0018B1D3 /* SwiftyJSON.framework */ = {isa = PBXFileReference; explicitFileType = wrapper.framework; path = SwiftyJSON.framework; sourceTree = BUILT_PRODUCTS_DIR; };
		1BCD1DEB1F99CF2E0018B1D3 /* Toaster.framework */ = {isa = PBXFileReference; explicitFileType = wrapper.framework; path = Toaster.framework; sourceTree = BUILT_PRODUCTS_DIR; };
		1BCD1DEC1F9A387D0018B1D3 /* CoreLocation.framework */ = {isa = PBXFileReference; lastKnownFileType = wrapper.framework; name = CoreLocation.framework; path = System/Library/Frameworks/CoreLocation.framework; sourceTree = SDKROOT; };
		1BCD1DEE1F9A39730018B1D3 /* mainView.swift */ = {isa = PBXFileReference; lastKnownFileType = sourcecode.swift; path = mainView.swift; sourceTree = "<group>"; };
		5E69E4EDB5C988D15256D3A4 /* Pods-busTransportation.release.xcconfig */ = {isa = PBXFileReference; includeInIndex = 1; lastKnownFileType = text.xcconfig; name = "Pods-busTransportation.release.xcconfig"; path = "Pods/Target Support Files/Pods-busTransportation/Pods-busTransportation.release.xcconfig"; sourceTree = "<group>"; };
		84963A6F988CA5F97B75D453 /* Pods_busTransportationUITests.framework */ = {isa = PBXFileReference; explicitFileType = wrapper.framework; includeInIndex = 0; path = Pods_busTransportationUITests.framework; sourceTree = BUILT_PRODUCTS_DIR; };
		C4DED99AE30C6685E0D8C8F0 /* Pods-busTransportation.debug.xcconfig */ = {isa = PBXFileReference; includeInIndex = 1; lastKnownFileType = text.xcconfig; name = "Pods-busTransportation.debug.xcconfig"; path = "Pods/Target Support Files/Pods-busTransportation/Pods-busTransportation.debug.xcconfig"; sourceTree = "<group>"; };
		F417B88921FC69A3804C5AB4 /* Pods_busTransportation.framework */ = {isa = PBXFileReference; explicitFileType = wrapper.framework; includeInIndex = 0; path = Pods_busTransportation.framework; sourceTree = BUILT_PRODUCTS_DIR; };
/* End PBXFileReference section */

/* Begin PBXFrameworksBuildPhase section */
		1B9BB6FC1F993DD2004FFED4 /* Frameworks */ = {
			isa = PBXFrameworksBuildPhase;
			buildActionMask = 2147483647;
			files = (
				1BCD1DED1F9A387D0018B1D3 /* CoreLocation.framework in Frameworks */,
				1BCD1DE61F99CF2E0018B1D3 /* Alamofire.framework in Frameworks */,
				1BCD1DE71F99CF2E0018B1D3 /* SwiftyJSON.framework in Frameworks */,
				1BCD1DE81F99CF2E0018B1D3 /* Toaster.framework in Frameworks */,
				A855D659A31B7ED3BBBB6ADA /* Pods_busTransportation.framework in Frameworks */,
			);
			runOnlyForDeploymentPostprocessing = 0;
		};
		1B9BB7101F993DD2004FFED4 /* Frameworks */ = {
			isa = PBXFrameworksBuildPhase;
			buildActionMask = 2147483647;
			files = (
			);
			runOnlyForDeploymentPostprocessing = 0;
		};
		1B9BB71B1F993DD2004FFED4 /* Frameworks */ = {
			isa = PBXFrameworksBuildPhase;
			buildActionMask = 2147483647;
			files = (
			);
			runOnlyForDeploymentPostprocessing = 0;
		};
/* End PBXFrameworksBuildPhase section */

/* Begin PBXGroup section */
		1B9BB6F61F993DD2004FFED4 = {
			isa = PBXGroup;
			children = (
				1B9BB7351F99C3E1004FFED4 /* Default-568h@2x.png */,
				1B9BB7011F993DD2004FFED4 /* busTransportation */,
				1B9BB7161F993DD2004FFED4 /* busTransportationTests */,
				1B9BB7211F993DD2004FFED4 /* busTransportationUITests */,
				1B9BB7001F993DD2004FFED4 /* Products */,
				9CF2837131C45D7DE7D3C210 /* Pods */,
				4DC9AE9D3949491ACC70544C /* Frameworks */,
			);
			sourceTree = "<group>";
		};
		1B9BB7001F993DD2004FFED4 /* Products */ = {
			isa = PBXGroup;
			children = (
				1B9BB6FF1F993DD2004FFED4 /* busTransportation.app */,
				1B9BB7131F993DD2004FFED4 /* busTransportationTests.xctest */,
				1B9BB71E1F993DD2004FFED4 /* busTransportationUITests.xctest */,
			);
			name = Products;
			sourceTree = "<group>";
		};
		1B9BB7011F993DD2004FFED4 /* busTransportation */ = {
			isa = PBXGroup;
			children = (
				1B9BB7321F99C049004FFED4 /* Models */,
				1B9BB7311F99C042004FFED4 /* Controllers */,
				1B9BB70E1F993DD2004FFED4 /* Info.plist */,
				1B9BB7301F993DEB004FFED4 /* supportFiles */,
				1B9BB7021F993DD2004FFED4 /* AppDelegate.swift */,
				1B9BB7061F993DD2004FFED4 /* Main.storyboard */,
			);
			path = busTransportation;
			sourceTree = "<group>";
		};
		1B9BB7161F993DD2004FFED4 /* busTransportationTests */ = {
			isa = PBXGroup;
			children = (
				1B9BB7171F993DD2004FFED4 /* busTransportationTests.swift */,
				1B9BB7191F993DD2004FFED4 /* Info.plist */,
			);
			path = busTransportationTests;
			sourceTree = "<group>";
		};
		1B9BB7211F993DD2004FFED4 /* busTransportationUITests */ = {
			isa = PBXGroup;
			children = (
				1B9BB7221F993DD2004FFED4 /* busTransportationUITests.swift */,
				1B9BB7241F993DD2004FFED4 /* Info.plist */,
			);
			path = busTransportationUITests;
			sourceTree = "<group>";
		};
		1B9BB7301F993DEB004FFED4 /* supportFiles */ = {
			isa = PBXGroup;
			children = (
				1B9BB7091F993DD2004FFED4 /* Assets.xcassets */,
				1B9BB70B1F993DD2004FFED4 /* LaunchScreen.storyboard */,
			);
			path = supportFiles;
			sourceTree = "<group>";
		};
		1B9BB7311F99C042004FFED4 /* Controllers */ = {
			isa = PBXGroup;
			children = (
				1B9BB7041F993DD2004FFED4 /* ViewController.swift */,
				1BCD1DEE1F9A39730018B1D3 /* mainView.swift */,
			);
			path = Controllers;
			sourceTree = "<group>";
		};
		1B9BB7321F99C049004FFED4 /* Models */ = {
			isa = PBXGroup;
			children = (
				1B9BB7331F99C05F004FFED4 /* loginModel.swift */,
			);
			path = Models;
			sourceTree = "<group>";
		};
		4DC9AE9D3949491ACC70544C /* Frameworks */ = {
			isa = PBXGroup;
			children = (
				1BCD1DEC1F9A387D0018B1D3 /* CoreLocation.framework */,
				1BCD1DE91F99CF2E0018B1D3 /* Alamofire.framework */,
				1BCD1DEA1F99CF2E0018B1D3 /* SwiftyJSON.framework */,
				1BCD1DEB1F99CF2E0018B1D3 /* Toaster.framework */,
				F417B88921FC69A3804C5AB4 /* Pods_busTransportation.framework */,
				1916C10C1AB1D7519F30D3BE /* Pods_busTransportationTests.framework */,
				84963A6F988CA5F97B75D453 /* Pods_busTransportationUITests.framework */,
			);
			name = Frameworks;
			sourceTree = "<group>";
		};
		9CF2837131C45D7DE7D3C210 /* Pods */ = {
			isa = PBXGroup;
			children = (
				C4DED99AE30C6685E0D8C8F0 /* Pods-busTransportation.debug.xcconfig */,
				5E69E4EDB5C988D15256D3A4 /* Pods-busTransportation.release.xcconfig */,
			);
			name = Pods;
			sourceTree = "<group>";
		};
/* End PBXGroup section */

/* Begin PBXNativeTarget section */
		1B9BB6FE1F993DD2004FFED4 /* busTransportation */ = {
			isa = PBXNativeTarget;
			buildConfigurationList = 1B9BB7271F993DD2004FFED4 /* Build configuration list for PBXNativeTarget "busTransportation" */;
			buildPhases = (
				82F9C60D88D10C498F512FE1 /* [CP] Check Pods Manifest.lock */,
				1B9BB6FB1F993DD2004FFED4 /* Sources */,
				1B9BB6FC1F993DD2004FFED4 /* Frameworks */,
				1B9BB6FD1F993DD2004FFED4 /* Resources */,
				2062E1C2A86B3C0AA9DD250D /* [CP] Embed Pods Frameworks */,
				A1ABCB09658677BE18F9DA2A /* [CP] Copy Pods Resources */,
			);
			buildRules = (
			);
			dependencies = (
			);
			name = busTransportation;
			productName = busTransportation;
			productReference = 1B9BB6FF1F993DD2004FFED4 /* busTransportation.app */;
			productType = "com.apple.product-type.application";
		};
		1B9BB7121F993DD2004FFED4 /* busTransportationTests */ = {
			isa = PBXNativeTarget;
			buildConfigurationList = 1B9BB72A1F993DD2004FFED4 /* Build configuration list for PBXNativeTarget "busTransportationTests" */;
			buildPhases = (
				1B9BB70F1F993DD2004FFED4 /* Sources */,
				1B9BB7101F993DD2004FFED4 /* Frameworks */,
				1B9BB7111F993DD2004FFED4 /* Resources */,
			);
			buildRules = (
			);
			dependencies = (
				1B9BB7151F993DD2004FFED4 /* PBXTargetDependency */,
			);
			name = busTransportationTests;
			productName = busTransportationTests;
			productReference = 1B9BB7131F993DD2004FFED4 /* busTransportationTests.xctest */;
			productType = "com.apple.product-type.bundle.unit-test";
		};
		1B9BB71D1F993DD2004FFED4 /* busTransportationUITests */ = {
			isa = PBXNativeTarget;
			buildConfigurationList = 1B9BB72D1F993DD2004FFED4 /* Build configuration list for PBXNativeTarget "busTransportationUITests" */;
			buildPhases = (
				1B9BB71A1F993DD2004FFED4 /* Sources */,
				1B9BB71B1F993DD2004FFED4 /* Frameworks */,
				1B9BB71C1F993DD2004FFED4 /* Resources */,
			);
			buildRules = (
			);
			dependencies = (
				1B9BB7201F993DD2004FFED4 /* PBXTargetDependency */,
			);
			name = busTransportationUITests;
			productName = busTransportationUITests;
			productReference = 1B9BB71E1F993DD2004FFED4 /* busTransportationUITests.xctest */;
			productType = "com.apple.product-type.bundle.ui-testing";
		};
/* End PBXNativeTarget section */

/* Begin PBXProject section */
		1B9BB6F71F993DD2004FFED4 /* Project object */ = {
			isa = PBXProject;
			attributes = {
				LastSwiftUpdateCheck = 0900;
				LastUpgradeCheck = 0900;
				ORGANIZATIONNAME = bus;
				TargetAttributes = {
					1B9BB6FE1F993DD2004FFED4 = {
						CreatedOnToolsVersion = 9.0;
						ProvisioningStyle = Automatic;
					};
					1B9BB7121F993DD2004FFED4 = {
						CreatedOnToolsVersion = 9.0;
						ProvisioningStyle = Automatic;
						TestTargetID = 1B9BB6FE1F993DD2004FFED4;
					};
					1B9BB71D1F993DD2004FFED4 = {
						CreatedOnToolsVersion = 9.0;
						ProvisioningStyle = Automatic;
						TestTargetID = 1B9BB6FE1F993DD2004FFED4;
					};
				};
			};
			buildConfigurationList = 1B9BB6FA1F993DD2004FFED4 /* Build configuration list for PBXProject "busTransportation" */;
			compatibilityVersion = "Xcode 8.0";
			developmentRegion = en;
			hasScannedForEncodings = 0;
			knownRegions = (
				en,
				Base,
			);
			mainGroup = 1B9BB6F61F993DD2004FFED4;
			productRefGroup = 1B9BB7001F993DD2004FFED4 /* Products */;
			projectDirPath = "";
			projectRoot = "";
			targets = (
				1B9BB6FE1F993DD2004FFED4 /* busTransportation */,
				1B9BB7121F993DD2004FFED4 /* busTransportationTests */,
				1B9BB71D1F993DD2004FFED4 /* busTransportationUITests */,
			);
		};
/* End PBXProject section */

/* Begin PBXResourcesBuildPhase section */
		1B9BB6FD1F993DD2004FFED4 /* Resources */ = {
			isa = PBXResourcesBuildPhase;
			buildActionMask = 2147483647;
			files = (
				1B9BB70D1F993DD2004FFED4 /* LaunchScreen.storyboard in Resources */,
				1B9BB7361F99C3E1004FFED4 /* Default-568h@2x.png in Resources */,
				1B9BB70A1F993DD2004FFED4 /* Assets.xcassets in Resources */,
				1B9BB7081F993DD2004FFED4 /* Main.storyboard in Resources */,
			);
			runOnlyForDeploymentPostprocessing = 0;
		};
		1B9BB7111F993DD2004FFED4 /* Resources */ = {
			isa = PBXResourcesBuildPhase;
			buildActionMask = 2147483647;
			files = (
			);
			runOnlyForDeploymentPostprocessing = 0;
		};
		1B9BB71C1F993DD2004FFED4 /* Resources */ = {
			isa = PBXResourcesBuildPhase;
			buildActionMask = 2147483647;
			files = (
			);
			runOnlyForDeploymentPostprocessing = 0;
		};
/* End PBXResourcesBuildPhase section */

/* Begin PBXShellScriptBuildPhase section */
		2062E1C2A86B3C0AA9DD250D /* [CP] Embed Pods Frameworks */ = {
			isa = PBXShellScriptBuildPhase;
			buildActionMask = 2147483647;
			files = (
			);
			inputPaths = (
			);
			name = "[CP] Embed Pods Frameworks";
			outputPaths = (
			);
			runOnlyForDeploymentPostprocessing = 0;
			shellPath = /bin/sh;
			shellScript = "\"${SRCROOT}/Pods/Target Support Files/Pods-busTransportation/Pods-busTransportation-frameworks.sh\"\n";
			showEnvVarsInLog = 0;
		};
		82F9C60D88D10C498F512FE1 /* [CP] Check Pods Manifest.lock */ = {
			isa = PBXShellScriptBuildPhase;
			buildActionMask = 2147483647;
			files = (
			);
			inputPaths = (
			);
			name = "[CP] Check Pods Manifest.lock";
			outputPaths = (
			);
			runOnlyForDeploymentPostprocessing = 0;
			shellPath = /bin/sh;
			shellScript = "diff \"${PODS_PODFILE_DIR_PATH}/Podfile.lock\" \"${PODS_ROOT}/Manifest.lock\" > /dev/null\nif [ $? != 0 ] ; then\n    # print error to STDERR\n    echo \"error: The sandbox is not in sync with the Podfile.lock. Run 'pod install' or update your CocoaPods installation.\" >&2\n    exit 1\nfi\n";
			showEnvVarsInLog = 0;
		};
		A1ABCB09658677BE18F9DA2A /* [CP] Copy Pods Resources */ = {
			isa = PBXShellScriptBuildPhase;
			buildActionMask = 2147483647;
			files = (
			);
			inputPaths = (
			);
			name = "[CP] Copy Pods Resources";
			outputPaths = (
			);
			runOnlyForDeploymentPostprocessing = 0;
			shellPath = /bin/sh;
			shellScript = "\"${SRCROOT}/Pods/Target Support Files/Pods-busTransportation/Pods-busTransportation-resources.sh\"\n";
			showEnvVarsInLog = 0;
		};
/* End PBXShellScriptBuildPhase section */

/* Begin PBXSourcesBuildPhase section */
		1B9BB6FB1F993DD2004FFED4 /* Sources */ = {
			isa = PBXSourcesBuildPhase;
			buildActionMask = 2147483647;
			files = (
				1B9BB7051F993DD2004FFED4 /* ViewController.swift in Sources */,
				1BCD1DEF1F9A39730018B1D3 /* mainView.swift in Sources */,
				1B9BB7031F993DD2004FFED4 /* AppDelegate.swift in Sources */,
				1B9BB7341F99C05F004FFED4 /* loginModel.swift in Sources */,
			);
			runOnlyForDeploymentPostprocessing = 0;
		};
		1B9BB70F1F993DD2004FFED4 /* Sources */ = {
			isa = PBXSourcesBuildPhase;
			buildActionMask = 2147483647;
			files = (
				1B9BB7181F993DD2004FFED4 /* busTransportationTests.swift in Sources */,
			);
			runOnlyForDeploymentPostprocessing = 0;
		};
		1B9BB71A1F993DD2004FFED4 /* Sources */ = {
			isa = PBXSourcesBuildPhase;
			buildActionMask = 2147483647;
			files = (
				1B9BB7231F993DD2004FFED4 /* busTransportationUITests.swift in Sources */,
			);
			runOnlyForDeploymentPostprocessing = 0;
		};
/* End PBXSourcesBuildPhase section */

/* Begin PBXTargetDependency section */
		1B9BB7151F993DD2004FFED4 /* PBXTargetDependency */ = {
			isa = PBXTargetDependency;
			target = 1B9BB6FE1F993DD2004FFED4 /* busTransportation */;
			targetProxy = 1B9BB7141F993DD2004FFED4 /* PBXContainerItemProxy */;
		};
		1B9BB7201F993DD2004FFED4 /* PBXTargetDependency */ = {
			isa = PBXTargetDependency;
			target = 1B9BB6FE1F993DD2004FFED4 /* busTransportation */;
			targetProxy = 1B9BB71F1F993DD2004FFED4 /* PBXContainerItemProxy */;
		};
/* End PBXTargetDependency section */

/* Begin PBXVariantGroup section */
		1B9BB7061F993DD2004FFED4 /* Main.storyboard */ = {
			isa = PBXVariantGroup;
			children = (
				1B9BB7071F993DD2004FFED4 /* Base */,
			);
			name = Main.storyboard;
			sourceTree = "<group>";
		};
		1B9BB70B1F993DD2004FFED4 /* LaunchScreen.storyboard */ = {
			isa = PBXVariantGroup;
			children = (
				1B9BB70C1F993DD2004FFED4 /* Base */,
			);
			name = LaunchScreen.storyboard;
			sourceTree = "<group>";
		};
/* End PBXVariantGroup section */

/* Begin XCBuildConfiguration section */
		1B9BB7251F993DD2004FFED4 /* Debug */ = {
			isa = XCBuildConfiguration;
			buildSettings = {
				ALWAYS_SEARCH_USER_PATHS = NO;
				CLANG_ANALYZER_NONNULL = YES;
				CLANG_ANALYZER_NUMBER_OBJECT_CONVERSION = YES_AGGRESSIVE;
				CLANG_CXX_LANGUAGE_STANDARD = "gnu++14";
				CLANG_CXX_LIBRARY = "libc++";
				CLANG_ENABLE_MODULES = YES;
				CLANG_ENABLE_OBJC_ARC = YES;
				CLANG_WARN_BLOCK_CAPTURE_AUTORELEASING = YES;
				CLANG_WARN_BOOL_CONVERSION = YES;
				CLANG_WARN_COMMA = YES;
				CLANG_WARN_CONSTANT_CONVERSION = YES;
				CLANG_WARN_DIRECT_OBJC_ISA_USAGE = YES_ERROR;
				CLANG_WARN_DOCUMENTATION_COMMENTS = YES;
				CLANG_WARN_EMPTY_BODY = YES;
				CLANG_WARN_ENUM_CONVERSION = YES;
				CLANG_WARN_INFINITE_RECURSION = YES;
				CLANG_WARN_INT_CONVERSION = YES;
				CLANG_WARN_NON_LITERAL_NULL_CONVERSION = YES;
				CLANG_WARN_OBJC_LITERAL_CONVERSION = YES;
				CLANG_WARN_OBJC_ROOT_CLASS = YES_ERROR;
				CLANG_WARN_RANGE_LOOP_ANALYSIS = YES;
				CLANG_WARN_STRICT_PROTOTYPES = YES;
				CLANG_WARN_SUSPICIOUS_MOVE = YES;
				CLANG_WARN_UNGUARDED_AVAILABILITY = YES_AGGRESSIVE;
				CLANG_WARN_UNREACHABLE_CODE = YES;
				CLANG_WARN__DUPLICATE_METHOD_MATCH = YES;
				CODE_SIGN_IDENTITY = "iPhone Developer";
				COPY_PHASE_STRIP = NO;
				DEBUG_INFORMATION_FORMAT = dwarf;
				ENABLE_STRICT_OBJC_MSGSEND = YES;
				ENABLE_TESTABILITY = YES;
				GCC_C_LANGUAGE_STANDARD = gnu11;
				GCC_DYNAMIC_NO_PIC = NO;
				GCC_NO_COMMON_BLOCKS = YES;
				GCC_OPTIMIZATION_LEVEL = 0;
				GCC_PREPROCESSOR_DEFINITIONS = (
					"DEBUG=1",
					"$(inherited)",
				);
				GCC_WARN_64_TO_32_BIT_CONVERSION = YES;
				GCC_WARN_ABOUT_RETURN_TYPE = YES_ERROR;
				GCC_WARN_UNDECLARED_SELECTOR = YES;
				GCC_WARN_UNINITIALIZED_AUTOS = YES_AGGRESSIVE;
				GCC_WARN_UNUSED_FUNCTION = YES;
				GCC_WARN_UNUSED_VARIABLE = YES;
				IPHONEOS_DEPLOYMENT_TARGET = 11.0;
				MTL_ENABLE_DEBUG_INFO = YES;
				ONLY_ACTIVE_ARCH = YES;
				SDKROOT = iphoneos;
				SWIFT_ACTIVE_COMPILATION_CONDITIONS = DEBUG;
				SWIFT_OPTIMIZATION_LEVEL = "-Onone";
			};
			name = Debug;
		};
		1B9BB7261F993DD2004FFED4 /* Release */ = {
			isa = XCBuildConfiguration;
			buildSettings = {
				ALWAYS_SEARCH_USER_PATHS = NO;
				CLANG_ANALYZER_NONNULL = YES;
				CLANG_ANALYZER_NUMBER_OBJECT_CONVERSION = YES_AGGRESSIVE;
				CLANG_CXX_LANGUAGE_STANDARD = "gnu++14";
				CLANG_CXX_LIBRARY = "libc++";
				CLANG_ENABLE_MODULES = YES;
				CLANG_ENABLE_OBJC_ARC = YES;
				CLANG_WARN_BLOCK_CAPTURE_AUTORELEASING = YES;
				CLANG_WARN_BOOL_CONVERSION = YES;
				CLANG_WARN_COMMA = YES;
				CLANG_WARN_CONSTANT_CONVERSION = YES;
				CLANG_WARN_DIRECT_OBJC_ISA_USAGE = YES_ERROR;
				CLANG_WARN_DOCUMENTATION_COMMENTS = YES;
				CLANG_WARN_EMPTY_BODY = YES;
				CLANG_WARN_ENUM_CONVERSION = YES;
				CLANG_WARN_INFINITE_RECURSION = YES;
				CLANG_WARN_INT_CONVERSION = YES;
				CLANG_WARN_NON_LITERAL_NULL_CONVERSION = YES;
				CLANG_WARN_OBJC_LITERAL_CONVERSION = YES;
				CLANG_WARN_OBJC_ROOT_CLASS = YES_ERROR;
				CLANG_WARN_RANGE_LOOP_ANALYSIS = YES;
				CLANG_WARN_STRICT_PROTOTYPES = YES;
				CLANG_WARN_SUSPICIOUS_MOVE = YES;
				CLANG_WARN_UNGUARDED_AVAILABILITY = YES_AGGRESSIVE;
				CLANG_WARN_UNREACHABLE_CODE = YES;
				CLANG_WARN__DUPLICATE_METHOD_MATCH = YES;
				CODE_SIGN_IDENTITY = "iPhone Developer";
				COPY_PHASE_STRIP = NO;
				DEBUG_INFORMATION_FORMAT = "dwarf-with-dsym";
				ENABLE_NS_ASSERTIONS = NO;
				ENABLE_STRICT_OBJC_MSGSEND = YES;
				GCC_C_LANGUAGE_STANDARD = gnu11;
				GCC_NO_COMMON_BLOCKS = YES;
				GCC_WARN_64_TO_32_BIT_CONVERSION = YES;
				GCC_WARN_ABOUT_RETURN_TYPE = YES_ERROR;
				GCC_WARN_UNDECLARED_SELECTOR = YES;
				GCC_WARN_UNINITIALIZED_AUTOS = YES_AGGRESSIVE;
				GCC_WARN_UNUSED_FUNCTION = YES;
				GCC_WARN_UNUSED_VARIABLE = YES;
				IPHONEOS_DEPLOYMENT_TARGET = 11.0;
				MTL_ENABLE_DEBUG_INFO = NO;
				SDKROOT = iphoneos;
				SWIFT_OPTIMIZATION_LEVEL = "-Owholemodule";
				VALIDATE_PRODUCT = YES;
			};
			name = Release;
		};
		1B9BB7281F993DD2004FFED4 /* Debug */ = {
			isa = XCBuildConfiguration;
			baseConfigurationReference = C4DED99AE30C6685E0D8C8F0 /* Pods-busTransportation.debug.xcconfig */;
			buildSettings = {
				ASSETCATALOG_COMPILER_APPICON_NAME = AppIcon;
				CODE_SIGN_STYLE = Automatic;
				DEVELOPMENT_TEAM = MC95AT8M7E;
				INFOPLIST_FILE = busTransportation/Info.plist;
				LD_RUNPATH_SEARCH_PATHS = "$(inherited) @executable_path/Frameworks";
				PRODUCT_BUNDLE_IDENTIFIER = bus.busTransportation;
				PRODUCT_NAME = "$(TARGET_NAME)";
				SWIFT_VERSION = 4.0;
				TARGETED_DEVICE_FAMILY = "1,2";
			};
			name = Debug;
		};
		1B9BB7291F993DD2004FFED4 /* Release */ = {
			isa = XCBuildConfiguration;
			baseConfigurationReference = 5E69E4EDB5C988D15256D3A4 /* Pods-busTransportation.release.xcconfig */;
			buildSettings = {
				ASSETCATALOG_COMPILER_APPICON_NAME = AppIcon;
				CODE_SIGN_STYLE = Automatic;
				DEVELOPMENT_TEAM = MC95AT8M7E;
				INFOPLIST_FILE = busTransportation/Info.plist;
				LD_RUNPATH_SEARCH_PATHS = "$(inherited) @executable_path/Frameworks";
				PRODUCT_BUNDLE_IDENTIFIER = bus.busTransportation;
				PRODUCT_NAME = "$(TARGET_NAME)";
				SWIFT_VERSION = 4.0;
				TARGETED_DEVICE_FAMILY = "1,2";
			};
			name = Release;
		};
		1B9BB72B1F993DD2004FFED4 /* Debug */ = {
			isa = XCBuildConfiguration;
			buildSettings = {
				ALWAYS_EMBED_SWIFT_STANDARD_LIBRARIES = YES;
				BUNDLE_LOADER = "$(TEST_HOST)";
				CODE_SIGN_STYLE = Automatic;
				DEVELOPMENT_TEAM = MC95AT8M7E;
				INFOPLIST_FILE = busTransportationTests/Info.plist;
				LD_RUNPATH_SEARCH_PATHS = "$(inherited) @executable_path/Frameworks @loader_path/Frameworks";
				PRODUCT_BUNDLE_IDENTIFIER = bus.busTransportationTests;
				PRODUCT_NAME = "$(TARGET_NAME)";
				SWIFT_VERSION = 4.0;
				TARGETED_DEVICE_FAMILY = "1,2";
				TEST_HOST = "$(BUILT_PRODUCTS_DIR)/busTransportation.app/busTransportation";
			};
			name = Debug;
		};
		1B9BB72C1F993DD2004FFED4 /* Release */ = {
			isa = XCBuildConfiguration;
			buildSettings = {
				ALWAYS_EMBED_SWIFT_STANDARD_LIBRARIES = YES;
				BUNDLE_LOADER = "$(TEST_HOST)";
				CODE_SIGN_STYLE = Automatic;
				DEVELOPMENT_TEAM = MC95AT8M7E;
				INFOPLIST_FILE = busTransportationTests/Info.plist;
				LD_RUNPATH_SEARCH_PATHS = "$(inherited) @executable_path/Frameworks @loader_path/Frameworks";
				PRODUCT_BUNDLE_IDENTIFIER = bus.busTransportationTests;
				PRODUCT_NAME = "$(TARGET_NAME)";
				SWIFT_VERSION = 4.0;
				TARGETED_DEVICE_FAMILY = "1,2";
				TEST_HOST = "$(BUILT_PRODUCTS_DIR)/busTransportation.app/busTransportation";
			};
			name = Release;
		};
		1B9BB72E1F993DD2004FFED4 /* Debug */ = {
			isa = XCBuildConfiguration;
			buildSettings = {
				ALWAYS_EMBED_SWIFT_STANDARD_LIBRARIES = YES;
				CODE_SIGN_STYLE = Automatic;
				DEVELOPMENT_TEAM = MC95AT8M7E;
				INFOPLIST_FILE = busTransportationUITests/Info.plist;
				LD_RUNPATH_SEARCH_PATHS = "$(inherited) @executable_path/Frameworks @loader_path/Frameworks";
				PRODUCT_BUNDLE_IDENTIFIER = bus.busTransportationUITests;
				PRODUCT_NAME = "$(TARGET_NAME)";
				SWIFT_VERSION = 4.0;
				TARGETED_DEVICE_FAMILY = "1,2";
				TEST_TARGET_NAME = busTransportation;
			};
			name = Debug;
		};
		1B9BB72F1F993DD2004FFED4 /* Release */ = {
			isa = XCBuildConfiguration;
			buildSettings = {
				ALWAYS_EMBED_SWIFT_STANDARD_LIBRARIES = YES;
				CODE_SIGN_STYLE = Automatic;
				DEVELOPMENT_TEAM = MC95AT8M7E;
				INFOPLIST_FILE = busTransportationUITests/Info.plist;
				LD_RUNPATH_SEARCH_PATHS = "$(inherited) @executable_path/Frameworks @loader_path/Frameworks";
				PRODUCT_BUNDLE_IDENTIFIER = bus.busTransportationUITests;
				PRODUCT_NAME = "$(TARGET_NAME)";
				SWIFT_VERSION = 4.0;
				TARGETED_DEVICE_FAMILY = "1,2";
				TEST_TARGET_NAME = busTransportation;
			};
			name = Release;
		};
/* End XCBuildConfiguration section */

/* Begin XCConfigurationList section */
		1B9BB6FA1F993DD2004FFED4 /* Build configuration list for PBXProject "busTransportation" */ = {
			isa = XCConfigurationList;
			buildConfigurations = (
				1B9BB7251F993DD2004FFED4 /* Debug */,
				1B9BB7261F993DD2004FFED4 /* Release */,
			);
			defaultConfigurationIsVisible = 0;
			defaultConfigurationName = Release;
		};
		1B9BB7271F993DD2004FFED4 /* Build configuration list for PBXNativeTarget "busTransportation" */ = {
			isa = XCConfigurationList;
			buildConfigurations = (
				1B9BB7281F993DD2004FFED4 /* Debug */,
				1B9BB7291F993DD2004FFED4 /* Release */,
			);
			defaultConfigurationIsVisible = 0;
			defaultConfigurationName = Release;
		};
		1B9BB72A1F993DD2004FFED4 /* Build configuration list for PBXNativeTarget "busTransportationTests" */ = {
			isa = XCConfigurationList;
			buildConfigurations = (
				1B9BB72B1F993DD2004FFED4 /* Debug */,
				1B9BB72C1F993DD2004FFED4 /* Release */,
			);
			defaultConfigurationIsVisible = 0;
			defaultConfigurationName = Release;
		};
		1B9BB72D1F993DD2004FFED4 /* Build configuration list for PBXNativeTarget "busTransportationUITests" */ = {
			isa = XCConfigurationList;
			buildConfigurations = (
				1B9BB72E1F993DD2004FFED4 /* Debug */,
				1B9BB72F1F993DD2004FFED4 /* Release */,
			);
			defaultConfigurationIsVisible = 0;
			defaultConfigurationName = Release;
		};
/* End XCConfigurationList section */
	};
	rootObject = 1B9BB6F71F993DD2004FFED4 /* Project object */;
}
